{
    "name": "用云电商 uniCloud v1.0.9 版前后端开源",
    "version": "1.0.9.240315",
    "lockfileVersion": 3,
    "requires": true,
    "packages": {
        "": {
            "name": "用云电商 uniCloud v1.0.9 版前后端开源",
            "version": "1.0.9.240315",
            "dependencies": {
                "easemob-websdk": "^4.12.1",
                "uview-ui": "^2.0.38"
            }
        },
        "node_modules/easemob-websdk": {
            "version": "4.12.1",
            "resolved": "https://registry.npmjs.org/easemob-websdk/-/easemob-websdk-4.12.1.tgz",
            "integrity": "sha512-3R5wUB3aGM64EtBuYTKre0A+lclPE/BGFE/iqXQY/717TAagXUqHvT2YggLhg4AG6NC4OGHJgLxNaj3hDYUS7A=="
        },
        "node_modules/uview-ui": {
            "version": "2.0.38",
            "resolved": "https://registry.npmjs.org/uview-ui/-/uview-ui-2.0.38.tgz",
            "integrity": "sha512-6egHDf9lXHKpG3hEjRE0vMx4+VWwKk/ReTf5x18KrIKqdvdPRqO3+B8Unh7vYYwrIxzAWIlmhZ9RJpKI/4UqPQ==",
            "engines": {
                "HBuilderX": "^3.1.0"
            }
        }
    }
}
